// !$*UTF8*$!
{
	archiveVersion = 1;
	classes = {
	};
	objectVersion = 51;
	objects = {

/* Begin PBXBuildFile section */
		1B14F39403EB560F03DD7EEC /* Pods_UserListDemo.framework in Frameworks */ = {isa = PBXBuildFile; fileRef = 99E1D7AA46F7A699EB5E10CE /* Pods_UserListDemo.framework */; };
		622F679C252E74A600EA7C2A /* CustomButton.swift in Sources */ = {isa = PBXBuildFile; fileRef = 622F679B252E74A600EA7C2A /* CustomButton.swift */; };
		622F67A5252F09CB00EA7C2A /* EditUserViewModel.swift in Sources */ = {isa = PBXBuildFile; fileRef = 622F67A1252F09CB00EA7C2A /* EditUserViewModel.swift */; };
		6248820D252F4CFF00677FC3 /* AddUserViewModel.swift in Sources */ = {isa = PBXBuildFile; fileRef = 6248820C252F4CFF00677FC3 /* AddUserViewModel.swift */; };
		6248820F252F526F00677FC3 /* Networking+EditUser.swift in Sources */ = {isa = PBXBuildFile; fileRef = 6248820E252F526F00677FC3 /* Networking+EditUser.swift */; };
		624F0775252E1D0200805469 /* Validator.swift in Sources */ = {isa = PBXBuildFile; fileRef = 624F0774252E1D0200805469 /* Validator.swift */; };
		624F0778252E1D6700805469 /* CharacterSet+Extensions.swift in Sources */ = {isa = PBXBuildFile; fileRef = 624F0777252E1D6700805469 /* CharacterSet+Extensions.swift */; };
		624F0780252E208700805469 /* FieldView.swift in Sources */ = {isa = PBXBuildFile; fileRef = 624F077E252E208700805469 /* FieldView.swift */; };
		624F0781252E208700805469 /* FieldView.xib in Resources */ = {isa = PBXBuildFile; fileRef = 624F077F252E208700805469 /* FieldView.xib */; };
		624F0789252E527900805469 /* InputView.swift in Sources */ = {isa = PBXBuildFile; fileRef = 624F0788252E527900805469 /* InputView.swift */; };
		624F078B252E52E600805469 /* NameInputView.swift in Sources */ = {isa = PBXBuildFile; fileRef = 624F078A252E52E600805469 /* NameInputView.swift */; };
		624F078D252E52F100805469 /* EmailInputView.swift in Sources */ = {isa = PBXBuildFile; fileRef = 624F078C252E52F100805469 /* EmailInputView.swift */; };
		6266C36E252DA00800D95BE3 /* KeyboardNotificationService.swift in Sources */ = {isa = PBXBuildFile; fileRef = 6266C36D252DA00800D95BE3 /* KeyboardNotificationService.swift */; };
		629D9EDA252C75FB00945A9F /* AppDelegate.swift in Sources */ = {isa = PBXBuildFile; fileRef = 629D9ED9252C75FB00945A9F /* AppDelegate.swift */; };
		629D9EDC252C75FB00945A9F /* SceneDelegate.swift in Sources */ = {isa = PBXBuildFile; fileRef = 629D9EDB252C75FB00945A9F /* SceneDelegate.swift */; };
		629D9EE3252C75FE00945A9F /* Assets.xcassets in Resources */ = {isa = PBXBuildFile; fileRef = 629D9EE2252C75FE00945A9F /* Assets.xcassets */; };
		629D9EE6252C75FE00945A9F /* LaunchScreen.storyboard in Resources */ = {isa = PBXBuildFile; fileRef = 629D9EE4252C75FE00945A9F /* LaunchScreen.storyboard */; };
		629D9EF4252C771500945A9F /* RootCoordinator.swift in Sources */ = {isa = PBXBuildFile; fileRef = 629D9EF3252C771500945A9F /* RootCoordinator.swift */; };
		629D9EF8252C778B00945A9F /* BaseCoordinator.swift in Sources */ = {isa = PBXBuildFile; fileRef = 629D9EF7252C778B00945A9F /* BaseCoordinator.swift */; };
		629D9EFC252C77BC00945A9F /* Functions.swift in Sources */ = {isa = PBXBuildFile; fileRef = 629D9EFB252C77BC00945A9F /* Functions.swift */; };
		629D9F04252C780300945A9F /* BaseViewModel.swift in Sources */ = {isa = PBXBuildFile; fileRef = 629D9EFF252C780300945A9F /* BaseViewModel.swift */; };
		629D9F05252C780300945A9F /* BaseViewController.swift in Sources */ = {isa = PBXBuildFile; fileRef = 629D9F01252C780300945A9F /* BaseViewController.swift */; };
		629D9F06252C780300945A9F /* BaseView.swift in Sources */ = {isa = PBXBuildFile; fileRef = 629D9F03252C780300945A9F /* BaseView.swift */; };
		629D9F0A252C78AE00945A9F /* UINavigationController+Extensions.swift in Sources */ = {isa = PBXBuildFile; fileRef = 629D9F09252C78AE00945A9F /* UINavigationController+Extensions.swift */; };
		629D9F0D252C791100945A9F /* ContainerViewController.swift in Sources */ = {isa = PBXBuildFile; fileRef = 629D9F0C252C791100945A9F /* ContainerViewController.swift */; };
		629D9F10252C793800945A9F /* ServiceContainer.swift in Sources */ = {isa = PBXBuildFile; fileRef = 629D9F0F252C793800945A9F /* ServiceContainer.swift */; };
		629D9F14252C7AC300945A9F /* AppCoordinator.swift in Sources */ = {isa = PBXBuildFile; fileRef = 629D9F13252C7AC300945A9F /* AppCoordinator.swift */; };
		629D9F1A252C7B4100945A9F /* UserListViewController.swift in Sources */ = {isa = PBXBuildFile; fileRef = 629D9F16252C7B4100945A9F /* UserListViewController.swift */; };
		629D9F1B252C7B4100945A9F /* UserListView.swift in Sources */ = {isa = PBXBuildFile; fileRef = 629D9F17252C7B4100945A9F /* UserListView.swift */; };
		629D9F1C252C7B4100945A9F /* UserListViewModel.swift in Sources */ = {isa = PBXBuildFile; fileRef = 629D9F18252C7B4100945A9F /* UserListViewModel.swift */; };
		629D9F1D252C7B4100945A9F /* UserListViewController.xib in Resources */ = {isa = PBXBuildFile; fileRef = 629D9F19252C7B4100945A9F /* UserListViewController.xib */; };
		629D9F24252C8E3400945A9F /* TableAdapter.swift in Sources */ = {isa = PBXBuildFile; fileRef = 629D9F1F252C8E3400945A9F /* TableAdapter.swift */; };
		629D9F25252C8E3400945A9F /* Section.swift in Sources */ = {isa = PBXBuildFile; fileRef = 629D9F21252C8E3400945A9F /* Section.swift */; };
		629D9F26252C8E3400945A9F /* BaseCell.swift in Sources */ = {isa = PBXBuildFile; fileRef = 629D9F23252C8E3400945A9F /* BaseCell.swift */; };
		629D9F2A252C8E3A00945A9F /* SpinnerView.swift in Sources */ = {isa = PBXBuildFile; fileRef = 629D9F28252C8E3A00945A9F /* SpinnerView.swift */; };
		629D9F2B252C8E3A00945A9F /* SpinnerView.xib in Resources */ = {isa = PBXBuildFile; fileRef = 629D9F29252C8E3A00945A9F /* SpinnerView.xib */; };
		629D9F31252C8E8F00945A9F /* Hiddable.swift in Sources */ = {isa = PBXBuildFile; fileRef = 629D9F2D252C8E8F00945A9F /* Hiddable.swift */; };
		629D9F33252C8E8F00945A9F /* DisposeBagOwner.swift in Sources */ = {isa = PBXBuildFile; fileRef = 629D9F2F252C8E8F00945A9F /* DisposeBagOwner.swift */; };
		629D9F34252C8E8F00945A9F /* NetworkAPI.swift in Sources */ = {isa = PBXBuildFile; fileRef = 629D9F30252C8E8F00945A9F /* NetworkAPI.swift */; };
		629D9F37252C8E9C00945A9F /* NibDesignable.swift in Sources */ = {isa = PBXBuildFile; fileRef = 629D9F36252C8E9C00945A9F /* NibDesignable.swift */; };
		629D9F3C252C8EA100945A9F /* ParserError.swift in Sources */ = {isa = PBXBuildFile; fileRef = 629D9F39252C8EA100945A9F /* ParserError.swift */; };
		629D9F3E252C8EA100945A9F /* NetworkError.swift in Sources */ = {isa = PBXBuildFile; fileRef = 629D9F3B252C8EA100945A9F /* NetworkError.swift */; };
		629D9F40252C8FA200945A9F /* UITableView+Extensions.swift in Sources */ = {isa = PBXBuildFile; fileRef = 629D9F3F252C8FA200945A9F /* UITableView+Extensions.swift */; };
		629D9F43252C904600945A9F /* Networking.swift in Sources */ = {isa = PBXBuildFile; fileRef = 629D9F42252C904500945A9F /* Networking.swift */; };
		629D9F45252C930200945A9F /* UserListAPI.swift in Sources */ = {isa = PBXBuildFile; fileRef = 629D9F44252C930200945A9F /* UserListAPI.swift */; };
		629D9F47252C93B100945A9F /* Networking+AllUsers.swift in Sources */ = {isa = PBXBuildFile; fileRef = 629D9F46252C93B100945A9F /* Networking+AllUsers.swift */; };
		629D9F4A252C957F00945A9F /* UserModel.swift in Sources */ = {isa = PBXBuildFile; fileRef = 629D9F49252C957F00945A9F /* UserModel.swift */; };
		629D9F4E252C9F4700945A9F /* UserTableViewCell.swift in Sources */ = {isa = PBXBuildFile; fileRef = 629D9F4C252C9F4700945A9F /* UserTableViewCell.swift */; };
		629D9F4F252C9F4700945A9F /* UserTableViewCell.xib in Resources */ = {isa = PBXBuildFile; fileRef = 629D9F4D252C9F4700945A9F /* UserTableViewCell.xib */; };
		629D9F51252CB1E800945A9F /* UIView+Extenstions.swift in Sources */ = {isa = PBXBuildFile; fileRef = 629D9F50252CB1E800945A9F /* UIView+Extenstions.swift */; };
		629D9F55252CBB3900945A9F /* AppTextConstants.swift in Sources */ = {isa = PBXBuildFile; fileRef = 629D9F54252CBB3900945A9F /* AppTextConstants.swift */; };
		629D9F57252CBBC300945A9F /* AppTextConstant+UserList.swift in Sources */ = {isa = PBXBuildFile; fileRef = 629D9F56252CBBC300945A9F /* AppTextConstant+UserList.swift */; };
		629D9F5A252CBE0A00945A9F /* Array+Extensions.swift in Sources */ = {isa = PBXBuildFile; fileRef = 629D9F59252CBE0A00945A9F /* Array+Extensions.swift */; };
		629D9F60252CC23D00945A9F /* InputFormViewController.swift in Sources */ = {isa = PBXBuildFile; fileRef = 629D9F5C252CC23D00945A9F /* InputFormViewController.swift */; };
		629D9F61252CC23D00945A9F /* ImportFormView.swift in Sources */ = {isa = PBXBuildFile; fileRef = 629D9F5D252CC23D00945A9F /* ImportFormView.swift */; };
		629D9F62252CC23D00945A9F /* InputFormViewModel.swift in Sources */ = {isa = PBXBuildFile; fileRef = 629D9F5E252CC23D00945A9F /* InputFormViewModel.swift */; };
		629D9F63252CC23D00945A9F /* InputFormViewController.xib in Resources */ = {isa = PBXBuildFile; fileRef = 629D9F5F252CC23D00945A9F /* InputFormViewController.xib */; };
		629D9F65252CC43900945A9F /* AppTextConstant+UserForm.swift in Sources */ = {isa = PBXBuildFile; fileRef = 629D9F64252CC43900945A9F /* AppTextConstant+UserForm.swift */; };
		629D9F67252CC5B100945A9F /* Networking+AddUser.swift in Sources */ = {isa = PBXBuildFile; fileRef = 629D9F66252CC5B100945A9F /* Networking+AddUser.swift */; };
		629D9F6A252CC62400945A9F /* EmptyModel.swift in Sources */ = {isa = PBXBuildFile; fileRef = 629D9F69252CC62400945A9F /* EmptyModel.swift */; };
		629D9F6C252CC88700945A9F /* EncoderError.swift in Sources */ = {isa = PBXBuildFile; fileRef = 629D9F6B252CC88700945A9F /* EncoderError.swift */; };
		629D9F6E252CFCA500945A9F /* NewUserModel.swift in Sources */ = {isa = PBXBuildFile; fileRef = 629D9F6D252CFCA500945A9F /* NewUserModel.swift */; };
/* End PBXBuildFile section */

/* Begin PBXFileReference section */
		5B9412A8C41D970F3D6181F9 /* Pods-UserListDemo.debug.xcconfig */ = {isa = PBXFileReference; includeInIndex = 1; lastKnownFileType = text.xcconfig; name = "Pods-UserListDemo.debug.xcconfig"; path = "Target Support Files/Pods-UserListDemo/Pods-UserListDemo.debug.xcconfig"; sourceTree = "<group>"; };
		622F679B252E74A600EA7C2A /* CustomButton.swift */ = {isa = PBXFileReference; lastKnownFileType = sourcecode.swift; path = CustomButton.swift; sourceTree = "<group>"; };
		622F67A1252F09CB00EA7C2A /* EditUserViewModel.swift */ = {isa = PBXFileReference; lastKnownFileType = sourcecode.swift; path = EditUserViewModel.swift; sourceTree = "<group>"; };
		6248820C252F4CFF00677FC3 /* AddUserViewModel.swift */ = {isa = PBXFileReference; lastKnownFileType = sourcecode.swift; path = AddUserViewModel.swift; sourceTree = "<group>"; };
		6248820E252F526F00677FC3 /* Networking+EditUser.swift */ = {isa = PBXFileReference; lastKnownFileType = sourcecode.swift; path = "Networking+EditUser.swift"; sourceTree = "<group>"; };
		624F0774252E1D0200805469 /* Validator.swift */ = {isa = PBXFileReference; lastKnownFileType = sourcecode.swift; path = Validator.swift; sourceTree = "<group>"; };
		624F0777252E1D6700805469 /* CharacterSet+Extensions.swift */ = {isa = PBXFileReference; lastKnownFileType = sourcecode.swift; path = "CharacterSet+Extensions.swift"; sourceTree = "<group>"; };
		624F077E252E208700805469 /* FieldView.swift */ = {isa = PBXFileReference; lastKnownFileType = sourcecode.swift; path = FieldView.swift; sourceTree = "<group>"; };
		624F077F252E208700805469 /* FieldView.xib */ = {isa = PBXFileReference; lastKnownFileType = file.xib; path = FieldView.xib; sourceTree = "<group>"; };
		624F0788252E527900805469 /* InputView.swift */ = {isa = PBXFileReference; lastKnownFileType = sourcecode.swift; path = InputView.swift; sourceTree = "<group>"; };
		624F078A252E52E600805469 /* NameInputView.swift */ = {isa = PBXFileReference; lastKnownFileType = sourcecode.swift; path = NameInputView.swift; sourceTree = "<group>"; };
		624F078C252E52F100805469 /* EmailInputView.swift */ = {isa = PBXFileReference; lastKnownFileType = sourcecode.swift; path = EmailInputView.swift; sourceTree = "<group>"; };
		6266C36D252DA00800D95BE3 /* KeyboardNotificationService.swift */ = {isa = PBXFileReference; lastKnownFileType = sourcecode.swift; path = KeyboardNotificationService.swift; sourceTree = "<group>"; };
		629D9ED6252C75FB00945A9F /* UserListDemo.app */ = {isa = PBXFileReference; explicitFileType = wrapper.application; includeInIndex = 0; path = UserListDemo.app; sourceTree = BUILT_PRODUCTS_DIR; };
		629D9ED9252C75FB00945A9F /* AppDelegate.swift */ = {isa = PBXFileReference; lastKnownFileType = sourcecode.swift; path = AppDelegate.swift; sourceTree = "<group>"; };
		629D9EDB252C75FB00945A9F /* SceneDelegate.swift */ = {isa = PBXFileReference; lastKnownFileType = sourcecode.swift; path = SceneDelegate.swift; sourceTree = "<group>"; };
		629D9EE2252C75FE00945A9F /* Assets.xcassets */ = {isa = PBXFileReference; lastKnownFileType = folder.assetcatalog; path = Assets.xcassets; sourceTree = "<group>"; };
		629D9EE5252C75FE00945A9F /* Base */ = {isa = PBXFileReference; lastKnownFileType = file.storyboard; name = Base; path = Base.lproj/LaunchScreen.storyboard; sourceTree = "<group>"; };
		629D9EE7252C75FE00945A9F /* Info.plist */ = {isa = PBXFileReference; lastKnownFileType = text.plist.xml; path = Info.plist; sourceTree = "<group>"; };
		629D9EF3252C771500945A9F /* RootCoordinator.swift */ = {isa = PBXFileReference; lastKnownFileType = sourcecode.swift; path = RootCoordinator.swift; sourceTree = "<group>"; };
		629D9EF7252C778B00945A9F /* BaseCoordinator.swift */ = {isa = PBXFileReference; lastKnownFileType = sourcecode.swift; path = BaseCoordinator.swift; sourceTree = "<group>"; };
		629D9EFB252C77BC00945A9F /* Functions.swift */ = {isa = PBXFileReference; lastKnownFileType = sourcecode.swift; path = Functions.swift; sourceTree = "<group>"; };
		629D9EFF252C780300945A9F /* BaseViewModel.swift */ = {isa = PBXFileReference; fileEncoding = 4; lastKnownFileType = sourcecode.swift; path = BaseViewModel.swift; sourceTree = "<group>"; };
		629D9F01252C780300945A9F /* BaseViewController.swift */ = {isa = PBXFileReference; fileEncoding = 4; lastKnownFileType = sourcecode.swift; path = BaseViewController.swift; sourceTree = "<group>"; };
		629D9F03252C780300945A9F /* BaseView.swift */ = {isa = PBXFileReference; fileEncoding = 4; lastKnownFileType = sourcecode.swift; path = BaseView.swift; sourceTree = "<group>"; };
		629D9F09252C78AE00945A9F /* UINavigationController+Extensions.swift */ = {isa = PBXFileReference; lastKnownFileType = sourcecode.swift; path = "UINavigationController+Extensions.swift"; sourceTree = "<group>"; };
		629D9F0C252C791100945A9F /* ContainerViewController.swift */ = {isa = PBXFileReference; fileEncoding = 4; lastKnownFileType = sourcecode.swift; path = ContainerViewController.swift; sourceTree = "<group>"; };
		629D9F0F252C793800945A9F /* ServiceContainer.swift */ = {isa = PBXFileReference; fileEncoding = 4; lastKnownFileType = sourcecode.swift; path = ServiceContainer.swift; sourceTree = "<group>"; };
		629D9F13252C7AC300945A9F /* AppCoordinator.swift */ = {isa = PBXFileReference; lastKnownFileType = sourcecode.swift; path = AppCoordinator.swift; sourceTree = "<group>"; };
		629D9F16252C7B4100945A9F /* UserListViewController.swift */ = {isa = PBXFileReference; lastKnownFileType = sourcecode.swift; path = UserListViewController.swift; sourceTree = "<group>"; };
		629D9F17252C7B4100945A9F /* UserListView.swift */ = {isa = PBXFileReference; lastKnownFileType = sourcecode.swift; path = UserListView.swift; sourceTree = "<group>"; };
		629D9F18252C7B4100945A9F /* UserListViewModel.swift */ = {isa = PBXFileReference; lastKnownFileType = sourcecode.swift; path = UserListViewModel.swift; sourceTree = "<group>"; };
		629D9F19252C7B4100945A9F /* UserListViewController.xib */ = {isa = PBXFileReference; lastKnownFileType = file.xib; path = UserListViewController.xib; sourceTree = "<group>"; };
		629D9F1F252C8E3400945A9F /* TableAdapter.swift */ = {isa = PBXFileReference; fileEncoding = 4; lastKnownFileType = sourcecode.swift; path = TableAdapter.swift; sourceTree = "<group>"; };
		629D9F21252C8E3400945A9F /* Section.swift */ = {isa = PBXFileReference; fileEncoding = 4; lastKnownFileType = sourcecode.swift; path = Section.swift; sourceTree = "<group>"; };
		629D9F23252C8E3400945A9F /* BaseCell.swift */ = {isa = PBXFileReference; fileEncoding = 4; lastKnownFileType = sourcecode.swift; path = BaseCell.swift; sourceTree = "<group>"; };
		629D9F28252C8E3A00945A9F /* SpinnerView.swift */ = {isa = PBXFileReference; fileEncoding = 4; lastKnownFileType = sourcecode.swift; path = SpinnerView.swift; sourceTree = "<group>"; };
		629D9F29252C8E3A00945A9F /* SpinnerView.xib */ = {isa = PBXFileReference; fileEncoding = 4; lastKnownFileType = file.xib; path = SpinnerView.xib; sourceTree = "<group>"; };
		629D9F2D252C8E8F00945A9F /* Hiddable.swift */ = {isa = PBXFileReference; fileEncoding = 4; lastKnownFileType = sourcecode.swift; path = Hiddable.swift; sourceTree = "<group>"; };
		629D9F2F252C8E8F00945A9F /* DisposeBagOwner.swift */ = {isa = PBXFileReference; fileEncoding = 4; lastKnownFileType = sourcecode.swift; path = DisposeBagOwner.swift; sourceTree = "<group>"; };
		629D9F30252C8E8F00945A9F /* NetworkAPI.swift */ = {isa = PBXFileReference; fileEncoding = 4; lastKnownFileType = sourcecode.swift; path = NetworkAPI.swift; sourceTree = "<group>"; };
		629D9F36252C8E9C00945A9F /* NibDesignable.swift */ = {isa = PBXFileReference; fileEncoding = 4; lastKnownFileType = sourcecode.swift; path = NibDesignable.swift; sourceTree = "<group>"; };
		629D9F39252C8EA100945A9F /* ParserError.swift */ = {isa = PBXFileReference; fileEncoding = 4; lastKnownFileType = sourcecode.swift; path = ParserError.swift; sourceTree = "<group>"; };
		629D9F3B252C8EA100945A9F /* NetworkError.swift */ = {isa = PBXFileReference; fileEncoding = 4; lastKnownFileType = sourcecode.swift; path = NetworkError.swift; sourceTree = "<group>"; };
		629D9F3F252C8FA200945A9F /* UITableView+Extensions.swift */ = {isa = PBXFileReference; lastKnownFileType = sourcecode.swift; path = "UITableView+Extensions.swift"; sourceTree = "<group>"; };
		629D9F42252C904500945A9F /* Networking.swift */ = {isa = PBXFileReference; lastKnownFileType = sourcecode.swift; path = Networking.swift; sourceTree = "<group>"; };
		629D9F44252C930200945A9F /* UserListAPI.swift */ = {isa = PBXFileReference; lastKnownFileType = sourcecode.swift; path = UserListAPI.swift; sourceTree = "<group>"; };
		629D9F46252C93B100945A9F /* Networking+AllUsers.swift */ = {isa = PBXFileReference; lastKnownFileType = sourcecode.swift; path = "Networking+AllUsers.swift"; sourceTree = "<group>"; };
		629D9F49252C957F00945A9F /* UserModel.swift */ = {isa = PBXFileReference; lastKnownFileType = sourcecode.swift; path = UserModel.swift; sourceTree = "<group>"; };
		629D9F4C252C9F4700945A9F /* UserTableViewCell.swift */ = {isa = PBXFileReference; lastKnownFileType = sourcecode.swift; path = UserTableViewCell.swift; sourceTree = "<group>"; };
		629D9F4D252C9F4700945A9F /* UserTableViewCell.xib */ = {isa = PBXFileReference; lastKnownFileType = file.xib; path = UserTableViewCell.xib; sourceTree = "<group>"; };
		629D9F50252CB1E800945A9F /* UIView+Extenstions.swift */ = {isa = PBXFileReference; lastKnownFileType = sourcecode.swift; path = "UIView+Extenstions.swift"; sourceTree = "<group>"; };
		629D9F54252CBB3900945A9F /* AppTextConstants.swift */ = {isa = PBXFileReference; lastKnownFileType = sourcecode.swift; path = AppTextConstants.swift; sourceTree = "<group>"; };
		629D9F56252CBBC300945A9F /* AppTextConstant+UserList.swift */ = {isa = PBXFileReference; lastKnownFileType = sourcecode.swift; path = "AppTextConstant+UserList.swift"; sourceTree = "<group>"; };
		629D9F59252CBE0A00945A9F /* Array+Extensions.swift */ = {isa = PBXFileReference; fileEncoding = 4; lastKnownFileType = sourcecode.swift; path = "Array+Extensions.swift"; sourceTree = "<group>"; };
		629D9F5C252CC23D00945A9F /* InputFormViewController.swift */ = {isa = PBXFileReference; lastKnownFileType = sourcecode.swift; path = InputFormViewController.swift; sourceTree = "<group>"; };
		629D9F5D252CC23D00945A9F /* ImportFormView.swift */ = {isa = PBXFileReference; lastKnownFileType = sourcecode.swift; path = ImportFormView.swift; sourceTree = "<group>"; };
		629D9F5E252CC23D00945A9F /* InputFormViewModel.swift */ = {isa = PBXFileReference; lastKnownFileType = sourcecode.swift; path = InputFormViewModel.swift; sourceTree = "<group>"; };
		629D9F5F252CC23D00945A9F /* InputFormViewController.xib */ = {isa = PBXFileReference; lastKnownFileType = file.xib; path = InputFormViewController.xib; sourceTree = "<group>"; };
		629D9F64252CC43900945A9F /* AppTextConstant+UserForm.swift */ = {isa = PBXFileReference; lastKnownFileType = sourcecode.swift; path = "AppTextConstant+UserForm.swift"; sourceTree = "<group>"; };
		629D9F66252CC5B100945A9F /* Networking+AddUser.swift */ = {isa = PBXFileReference; lastKnownFileType = sourcecode.swift; path = "Networking+AddUser.swift"; sourceTree = "<group>"; };
		629D9F69252CC62400945A9F /* EmptyModel.swift */ = {isa = PBXFileReference; lastKnownFileType = sourcecode.swift; path = EmptyModel.swift; sourceTree = "<group>"; };
		629D9F6B252CC88700945A9F /* EncoderError.swift */ = {isa = PBXFileReference; lastKnownFileType = sourcecode.swift; path = EncoderError.swift; sourceTree = "<group>"; };
		629D9F6D252CFCA500945A9F /* NewUserModel.swift */ = {isa = PBXFileReference; lastKnownFileType = sourcecode.swift; path = NewUserModel.swift; sourceTree = "<group>"; };
		99E1D7AA46F7A699EB5E10CE /* Pods_UserListDemo.framework */ = {isa = PBXFileReference; explicitFileType = wrapper.framework; includeInIndex = 0; path = Pods_UserListDemo.framework; sourceTree = BUILT_PRODUCTS_DIR; };
		A0F87BA537FC950DEF0E1346 /* Pods-UserListDemo.release.xcconfig */ = {isa = PBXFileReference; includeInIndex = 1; lastKnownFileType = text.xcconfig; name = "Pods-UserListDemo.release.xcconfig"; path = "Target Support Files/Pods-UserListDemo/Pods-UserListDemo.release.xcconfig"; sourceTree = "<group>"; };
/* End PBXFileReference section */

/* Begin PBXFrameworksBuildPhase section */
		629D9ED3252C75FB00945A9F /* Frameworks */ = {
			isa = PBXFrameworksBuildPhase;
			buildActionMask = 2147483647;
			files = (
				1B14F39403EB560F03DD7EEC /* Pods_UserListDemo.framework in Frameworks */,
			);
			runOnlyForDeploymentPostprocessing = 0;
		};
/* End PBXFrameworksBuildPhase section */

/* Begin PBXGroup section */
		622F679A252E749200EA7C2A /* CustomButton */ = {
			isa = PBXGroup;
			children = (
				622F679B252E74A600EA7C2A /* CustomButton.swift */,
			);
			path = CustomButton;
			sourceTree = "<group>";
		};
		624F0772252E1CEA00805469 /* Validator */ = {
			isa = PBXGroup;
			children = (
				624F0774252E1D0200805469 /* Validator.swift */,
			);
			path = Validator;
			sourceTree = "<group>";
		};
		624F0779252E204500805469 /* Private */ = {
			isa = PBXGroup;
			children = (
				622F679A252E749200EA7C2A /* CustomButton */,
				624F0787252E526700805469 /* InputViews */,
				624F0786252E525A00805469 /* FieldView */,
			);
			path = Private;
			sourceTree = "<group>";
		};
		624F0786252E525A00805469 /* FieldView */ = {
			isa = PBXGroup;
			children = (
				624F077E252E208700805469 /* FieldView.swift */,
				624F077F252E208700805469 /* FieldView.xib */,
			);
			path = FieldView;
			sourceTree = "<group>";
		};
		624F0787252E526700805469 /* InputViews */ = {
			isa = PBXGroup;
			children = (
				624F0788252E527900805469 /* InputView.swift */,
				624F078A252E52E600805469 /* NameInputView.swift */,
				624F078C252E52F100805469 /* EmailInputView.swift */,
			);
			path = InputViews;
			sourceTree = "<group>";
		};
		6266C36C252D9FEE00D95BE3 /* KeyboardNotificationService */ = {
			isa = PBXGroup;
			children = (
				6266C36D252DA00800D95BE3 /* KeyboardNotificationService.swift */,
			);
			path = KeyboardNotificationService;
			sourceTree = "<group>";
		};
		629D9ECD252C75FB00945A9F = {
			isa = PBXGroup;
			children = (
				629D9EED252C76B600945A9F /* Sources */,
				629D9ED8252C75FB00945A9F /* UserListDemo */,
				629D9ED7252C75FB00945A9F /* Products */,
				CD9EF3975EBA9432ECC17520 /* Pods */,
				D368079C14E7B48A5C1B5AB4 /* Frameworks */,
			);
			sourceTree = "<group>";
		};
		629D9ED7252C75FB00945A9F /* Products */ = {
			isa = PBXGroup;
			children = (
				629D9ED6252C75FB00945A9F /* UserListDemo.app */,
			);
			name = Products;
			sourceTree = "<group>";
		};
		629D9ED8252C75FB00945A9F /* UserListDemo */ = {
			isa = PBXGroup;
			children = (
				629D9ED9252C75FB00945A9F /* AppDelegate.swift */,
				629D9EDB252C75FB00945A9F /* SceneDelegate.swift */,
				629D9EE2252C75FE00945A9F /* Assets.xcassets */,
				629D9EE4252C75FE00945A9F /* LaunchScreen.storyboard */,
				629D9EE7252C75FE00945A9F /* Info.plist */,
			);
			path = UserListDemo;
			sourceTree = "<group>";
		};
		629D9EED252C76B600945A9F /* Sources */ = {
			isa = PBXGroup;
			children = (
				629D9EEF252C76CD00945A9F /* UI */,
				629D9EF1252C76D600945A9F /* Services */,
				629D9EF0252C76D100945A9F /* Models */,
				629D9EEE252C76C900945A9F /* Libs */,
			);
			path = Sources;
			sourceTree = "<group>";
		};
		629D9EEE252C76C900945A9F /* Libs */ = {
			isa = PBXGroup;
			children = (
				629D9F52252CBB0E00945A9F /* AppKit */,
				629D9F2C252C8E8F00945A9F /* Protocols */,
				629D9F07252C788400945A9F /* Extensions */,
				629D9EF9252C77A800945A9F /* Utils */,
				629D9EF5252C775C00945A9F /* Types */,
			);
			path = Libs;
			sourceTree = "<group>";
		};
		629D9EEF252C76CD00945A9F /* UI */ = {
			isa = PBXGroup;
			children = (
				629D9EF2252C76F200945A9F /* RootFlow */,
				629D9F11252C7A9D00945A9F /* AppFlow */,
			);
			path = UI;
			sourceTree = "<group>";
		};
		629D9EF0252C76D100945A9F /* Models */ = {
			isa = PBXGroup;
			children = (
				629D9F6F252CFCAC00945A9F /* NewUserModel */,
				629D9F68252CC60500945A9F /* EmptyModel */,
				629D9F48252C957200945A9F /* UserModel */,
			);
			path = Models;
			sourceTree = "<group>";
		};
		629D9EF1252C76D600945A9F /* Services */ = {
			isa = PBXGroup;
			children = (
				6266C36C252D9FEE00D95BE3 /* KeyboardNotificationService */,
				629D9F41252C903700945A9F /* Networking */,
				629D9F0E252C793800945A9F /* ServiceContainer */,
			);
			path = Services;
			sourceTree = "<group>";
		};
		629D9EF2252C76F200945A9F /* RootFlow */ = {
			isa = PBXGroup;
			children = (
				629D9EF3252C771500945A9F /* RootCoordinator.swift */,
			);
			path = RootFlow;
			sourceTree = "<group>";
		};
		629D9EF5252C775C00945A9F /* Types */ = {
			isa = PBXGroup;
			children = (
				624F0772252E1CEA00805469 /* Validator */,
				629D9F38252C8EA100945A9F /* Errors */,
				629D9F35252C8E9C00945A9F /* NibDesignable */,
				629D9F27252C8E3900945A9F /* SpinnerView */,
				629D9F1E252C8E3400945A9F /* TableAdapter */,
				629D9F0B252C791100945A9F /* ContainerViewController */,
				629D9EF6252C776100945A9F /* BaseClasses */,
			);
			path = Types;
			sourceTree = "<group>";
		};
		629D9EF6252C776100945A9F /* BaseClasses */ = {
			isa = PBXGroup;
			children = (
				629D9F00252C780300945A9F /* BaseController */,
				629D9EFD252C780300945A9F /* BaseCoordinator */,
				629D9F02252C780300945A9F /* BaseView */,
				629D9EFE252C780300945A9F /* BaseViewModel */,
			);
			path = BaseClasses;
			sourceTree = "<group>";
		};
		629D9EF9252C77A800945A9F /* Utils */ = {
			isa = PBXGroup;
			children = (
				629D9EFB252C77BC00945A9F /* Functions.swift */,
			);
			path = Utils;
			sourceTree = "<group>";
		};
		629D9EFD252C780300945A9F /* BaseCoordinator */ = {
			isa = PBXGroup;
			children = (
				629D9EF7252C778B00945A9F /* BaseCoordinator.swift */,
			);
			path = BaseCoordinator;
			sourceTree = "<group>";
		};
		629D9EFE252C780300945A9F /* BaseViewModel */ = {
			isa = PBXGroup;
			children = (
				629D9EFF252C780300945A9F /* BaseViewModel.swift */,
			);
			path = BaseViewModel;
			sourceTree = "<group>";
		};
		629D9F00252C780300945A9F /* BaseController */ = {
			isa = PBXGroup;
			children = (
				629D9F01252C780300945A9F /* BaseViewController.swift */,
			);
			path = BaseController;
			sourceTree = "<group>";
		};
		629D9F02252C780300945A9F /* BaseView */ = {
			isa = PBXGroup;
			children = (
				629D9F03252C780300945A9F /* BaseView.swift */,
			);
			path = BaseView;
			sourceTree = "<group>";
		};
		629D9F07252C788400945A9F /* Extensions */ = {
			isa = PBXGroup;
			children = (
				629D9F58252CBDDF00945A9F /* Foundation */,
				629D9F08252C789200945A9F /* UIKit */,
			);
			path = Extensions;
			sourceTree = "<group>";
		};
		629D9F08252C789200945A9F /* UIKit */ = {
			isa = PBXGroup;
			children = (
				629D9F09252C78AE00945A9F /* UINavigationController+Extensions.swift */,
				629D9F3F252C8FA200945A9F /* UITableView+Extensions.swift */,
				629D9F50252CB1E800945A9F /* UIView+Extenstions.swift */,
			);
			path = UIKit;
			sourceTree = "<group>";
		};
		629D9F0B252C791100945A9F /* ContainerViewController */ = {
			isa = PBXGroup;
			children = (
				629D9F0C252C791100945A9F /* ContainerViewController.swift */,
			);
			path = ContainerViewController;
			sourceTree = "<group>";
		};
		629D9F0E252C793800945A9F /* ServiceContainer */ = {
			isa = PBXGroup;
			children = (
				629D9F0F252C793800945A9F /* ServiceContainer.swift */,
			);
			path = ServiceContainer;
			sourceTree = "<group>";
		};
		629D9F11252C7A9D00945A9F /* AppFlow */ = {
			isa = PBXGroup;
			children = (
				629D9F13252C7AC300945A9F /* AppCoordinator.swift */,
				629D9F15252C7B2A00945A9F /* UserList */,
				629D9F5B252CC21F00945A9F /* AddOrEditUser */,
			);
			path = AppFlow;
			sourceTree = "<group>";
		};
		629D9F15252C7B2A00945A9F /* UserList */ = {
			isa = PBXGroup;
			children = (
				629D9F4B252C9F2400945A9F /* Private */,
				629D9F16252C7B4100945A9F /* UserListViewController.swift */,
				629D9F17252C7B4100945A9F /* UserListView.swift */,
				629D9F18252C7B4100945A9F /* UserListViewModel.swift */,
				629D9F19252C7B4100945A9F /* UserListViewController.xib */,
			);
			path = UserList;
			sourceTree = "<group>";
		};
		629D9F1E252C8E3400945A9F /* TableAdapter */ = {
			isa = PBXGroup;
			children = (
				629D9F1F252C8E3400945A9F /* TableAdapter.swift */,
				629D9F20252C8E3400945A9F /* Section */,
				629D9F22252C8E3400945A9F /* Cell */,
			);
			path = TableAdapter;
			sourceTree = "<group>";
		};
		629D9F20252C8E3400945A9F /* Section */ = {
			isa = PBXGroup;
			children = (
				629D9F21252C8E3400945A9F /* Section.swift */,
			);
			path = Section;
			sourceTree = "<group>";
		};
		629D9F22252C8E3400945A9F /* Cell */ = {
			isa = PBXGroup;
			children = (
				629D9F23252C8E3400945A9F /* BaseCell.swift */,
			);
			path = Cell;
			sourceTree = "<group>";
		};
		629D9F27252C8E3900945A9F /* SpinnerView */ = {
			isa = PBXGroup;
			children = (
				629D9F28252C8E3A00945A9F /* SpinnerView.swift */,
				629D9F29252C8E3A00945A9F /* SpinnerView.xib */,
			);
			path = SpinnerView;
			sourceTree = "<group>";
		};
		629D9F2C252C8E8F00945A9F /* Protocols */ = {
			isa = PBXGroup;
			children = (
				629D9F2D252C8E8F00945A9F /* Hiddable.swift */,
				629D9F2F252C8E8F00945A9F /* DisposeBagOwner.swift */,
				629D9F30252C8E8F00945A9F /* NetworkAPI.swift */,
			);
			path = Protocols;
			sourceTree = "<group>";
		};
		629D9F35252C8E9C00945A9F /* NibDesignable */ = {
			isa = PBXGroup;
			children = (
				629D9F36252C8E9C00945A9F /* NibDesignable.swift */,
			);
			path = NibDesignable;
			sourceTree = "<group>";
		};
		629D9F38252C8EA100945A9F /* Errors */ = {
			isa = PBXGroup;
			children = (
				629D9F39252C8EA100945A9F /* ParserError.swift */,
				629D9F3B252C8EA100945A9F /* NetworkError.swift */,
				629D9F6B252CC88700945A9F /* EncoderError.swift */,
			);
			path = Errors;
			sourceTree = "<group>";
		};
		629D9F41252C903700945A9F /* Networking */ = {
			isa = PBXGroup;
			children = (
				629D9F44252C930200945A9F /* UserListAPI.swift */,
				629D9F42252C904500945A9F /* Networking.swift */,
				629D9F46252C93B100945A9F /* Networking+AllUsers.swift */,
				629D9F66252CC5B100945A9F /* Networking+AddUser.swift */,
				6248820E252F526F00677FC3 /* Networking+EditUser.swift */,
			);
			path = Networking;
			sourceTree = "<group>";
		};
		629D9F48252C957200945A9F /* UserModel */ = {
			isa = PBXGroup;
			children = (
				629D9F49252C957F00945A9F /* UserModel.swift */,
			);
			path = UserModel;
			sourceTree = "<group>";
		};
		629D9F4B252C9F2400945A9F /* Private */ = {
			isa = PBXGroup;
			children = (
				629D9F4C252C9F4700945A9F /* UserTableViewCell.swift */,
				629D9F4D252C9F4700945A9F /* UserTableViewCell.xib */,
			);
			path = Private;
			sourceTree = "<group>";
		};
		629D9F52252CBB0E00945A9F /* AppKit */ = {
			isa = PBXGroup;
			children = (
				629D9F53252CBB1500945A9F /* TextConstants */,
			);
			path = AppKit;
			sourceTree = "<group>";
		};
		629D9F53252CBB1500945A9F /* TextConstants */ = {
			isa = PBXGroup;
			children = (
				629D9F54252CBB3900945A9F /* AppTextConstants.swift */,
				629D9F56252CBBC300945A9F /* AppTextConstant+UserList.swift */,
				629D9F64252CC43900945A9F /* AppTextConstant+UserForm.swift */,
			);
			path = TextConstants;
			sourceTree = "<group>";
		};
		629D9F58252CBDDF00945A9F /* Foundation */ = {
			isa = PBXGroup;
			children = (
				629D9F59252CBE0A00945A9F /* Array+Extensions.swift */,
				624F0777252E1D6700805469 /* CharacterSet+Extensions.swift */,
			);
			path = Foundation;
			sourceTree = "<group>";
		};
		629D9F5B252CC21F00945A9F /* AddOrEditUser */ = {
			isa = PBXGroup;
			children = (
				624F0779252E204500805469 /* Private */,
				629D9F5C252CC23D00945A9F /* InputFormViewController.swift */,
				629D9F5D252CC23D00945A9F /* ImportFormView.swift */,
				629D9F5E252CC23D00945A9F /* InputFormViewModel.swift */,
				6248820C252F4CFF00677FC3 /* AddUserViewModel.swift */,
				622F67A1252F09CB00EA7C2A /* EditUserViewModel.swift */,
				629D9F5F252CC23D00945A9F /* InputFormViewController.xib */,
			);
			path = AddOrEditUser;
			sourceTree = "<group>";
		};
		629D9F68252CC60500945A9F /* EmptyModel */ = {
			isa = PBXGroup;
			children = (
				629D9F69252CC62400945A9F /* EmptyModel.swift */,
			);
			path = EmptyModel;
			sourceTree = "<group>";
		};
		629D9F6F252CFCAC00945A9F /* NewUserModel */ = {
			isa = PBXGroup;
			children = (
				629D9F6D252CFCA500945A9F /* NewUserModel.swift */,
			);
			path = NewUserModel;
			sourceTree = "<group>";
		};
		CD9EF3975EBA9432ECC17520 /* Pods */ = {
			isa = PBXGroup;
			children = (
				5B9412A8C41D970F3D6181F9 /* Pods-UserListDemo.debug.xcconfig */,
				A0F87BA537FC950DEF0E1346 /* Pods-UserListDemo.release.xcconfig */,
			);
			path = Pods;
			sourceTree = "<group>";
		};
		D368079C14E7B48A5C1B5AB4 /* Frameworks */ = {
			isa = PBXGroup;
			children = (
				99E1D7AA46F7A699EB5E10CE /* Pods_UserListDemo.framework */,
			);
			name = Frameworks;
			sourceTree = "<group>";
		};
/* End PBXGroup section */

/* Begin PBXNativeTarget section */
		629D9ED5252C75FB00945A9F /* UserListDemo */ = {
			isa = PBXNativeTarget;
			buildConfigurationList = 629D9EEA252C75FE00945A9F /* Build configuration list for PBXNativeTarget "UserListDemo" */;
			buildPhases = (
				7E867D745836AC92E52E91FB /* [CP] Check Pods Manifest.lock */,
				629D9ED2252C75FB00945A9F /* Sources */,
				629D9ED3252C75FB00945A9F /* Frameworks */,
				629D9ED4252C75FB00945A9F /* Resources */,
				A0E1F4E66F6F3E33D126E266 /* [CP] Embed Pods Frameworks */,
			);
			buildRules = (
			);
			dependencies = (
			);
			name = UserListDemo;
			productName = UserListDemo;
			productReference = 629D9ED6252C75FB00945A9F /* UserListDemo.app */;
			productType = "com.apple.product-type.application";
		};
/* End PBXNativeTarget section */

/* Begin PBXProject section */
		629D9ECE252C75FB00945A9F /* Project object */ = {
			isa = PBXProject;
			attributes = {
				LastSwiftUpdateCheck = 1140;
				LastUpgradeCheck = 1140;
				ORGANIZATIONNAME = "Yevhen Triukhan";
				TargetAttributes = {
					629D9ED5252C75FB00945A9F = {
						CreatedOnToolsVersion = 11.4.1;
					};
				};
			};
			buildConfigurationList = 629D9ED1252C75FB00945A9F /* Build configuration list for PBXProject "UserListDemo" */;
			compatibilityVersion = "Xcode 9.3";
			developmentRegion = en;
			hasScannedForEncodings = 0;
			knownRegions = (
				en,
				Base,
			);
			mainGroup = 629D9ECD252C75FB00945A9F;
			productRefGroup = 629D9ED7252C75FB00945A9F /* Products */;
			projectDirPath = "";
			projectRoot = "";
			targets = (
				629D9ED5252C75FB00945A9F /* UserListDemo */,
			);
		};
/* End PBXProject section */

/* Begin PBXResourcesBuildPhase section */
		629D9ED4252C75FB00945A9F /* Resources */ = {
			isa = PBXResourcesBuildPhase;
			buildActionMask = 2147483647;
			files = (
				629D9EE6252C75FE00945A9F /* LaunchScreen.storyboard in Resources */,
				629D9F1D252C7B4100945A9F /* UserListViewController.xib in Resources */,
				629D9F2B252C8E3A00945A9F /* SpinnerView.xib in Resources */,
				629D9EE3252C75FE00945A9F /* Assets.xcassets in Resources */,
				629D9F4F252C9F4700945A9F /* UserTableViewCell.xib in Resources */,
				629D9F63252CC23D00945A9F /* InputFormViewController.xib in Resources */,
				624F0781252E208700805469 /* FieldView.xib in Resources */,
			);
			runOnlyForDeploymentPostprocessing = 0;
		};
/* End PBXResourcesBuildPhase section */

/* Begin PBXShellScriptBuildPhase section */
		7E867D745836AC92E52E91FB /* [CP] Check Pods Manifest.lock */ = {
			isa = PBXShellScriptBuildPhase;
			buildActionMask = 2147483647;
			files = (
			);
			inputFileListPaths = (
			);
			inputPaths = (
				"${PODS_PODFILE_DIR_PATH}/Podfile.lock",
				"${PODS_ROOT}/Manifest.lock",
			);
			name = "[CP] Check Pods Manifest.lock";
			outputFileListPaths = (
			);
			outputPaths = (
				"$(DERIVED_FILE_DIR)/Pods-UserListDemo-checkManifestLockResult.txt",
			);
			runOnlyForDeploymentPostprocessing = 0;
			shellPath = /bin/sh;
			shellScript = "diff \"${PODS_PODFILE_DIR_PATH}/Podfile.lock\" \"${PODS_ROOT}/Manifest.lock\" > /dev/null\nif [ $? != 0 ] ; then\n    # print error to STDERR\n    echo \"error: The sandbox is not in sync with the Podfile.lock. Run 'pod install' or update your CocoaPods installation.\" >&2\n    exit 1\nfi\n# This output is used by Xcode 'outputs' to avoid re-running this script phase.\necho \"SUCCESS\" > \"${SCRIPT_OUTPUT_FILE_0}\"\n";
			showEnvVarsInLog = 0;
		};
		A0E1F4E66F6F3E33D126E266 /* [CP] Embed Pods Frameworks */ = {
			isa = PBXShellScriptBuildPhase;
			buildActionMask = 2147483647;
			files = (
			);
			inputFileListPaths = (
				"${PODS_ROOT}/Target Support Files/Pods-UserListDemo/Pods-UserListDemo-frameworks-${CONFIGURATION}-input-files.xcfilelist",
			);
			name = "[CP] Embed Pods Frameworks";
			outputFileListPaths = (
				"${PODS_ROOT}/Target Support Files/Pods-UserListDemo/Pods-UserListDemo-frameworks-${CONFIGURATION}-output-files.xcfilelist",
			);
			runOnlyForDeploymentPostprocessing = 0;
			shellPath = /bin/sh;
			shellScript = "\"${PODS_ROOT}/Target Support Files/Pods-UserListDemo/Pods-UserListDemo-frameworks.sh\"\n";
			showEnvVarsInLog = 0;
		};
/* End PBXShellScriptBuildPhase section */

/* Begin PBXSourcesBuildPhase section */
		629D9ED2252C75FB00945A9F /* Sources */ = {
			isa = PBXSourcesBuildPhase;
			buildActionMask = 2147483647;
			files = (
				629D9F25252C8E3400945A9F /* Section.swift in Sources */,
				629D9F60252CC23D00945A9F /* InputFormViewController.swift in Sources */,
				629D9F14252C7AC300945A9F /* AppCoordinator.swift in Sources */,
				629D9F10252C793800945A9F /* ServiceContainer.swift in Sources */,
				629D9F43252C904600945A9F /* Networking.swift in Sources */,
				622F67A5252F09CB00EA7C2A /* EditUserViewModel.swift in Sources */,
				629D9EDA252C75FB00945A9F /* AppDelegate.swift in Sources */,
				629D9F26252C8E3400945A9F /* BaseCell.swift in Sources */,
				629D9F3E252C8EA100945A9F /* NetworkError.swift in Sources */,
				629D9EF4252C771500945A9F /* RootCoordinator.swift in Sources */,
				629D9F1C252C7B4100945A9F /* UserListViewModel.swift in Sources */,
				624F078D252E52F100805469 /* EmailInputView.swift in Sources */,
				629D9F0D252C791100945A9F /* ContainerViewController.swift in Sources */,
				629D9F24252C8E3400945A9F /* TableAdapter.swift in Sources */,
				6248820D252F4CFF00677FC3 /* AddUserViewModel.swift in Sources */,
				629D9F2A252C8E3A00945A9F /* SpinnerView.swift in Sources */,
				629D9F3C252C8EA100945A9F /* ParserError.swift in Sources */,
				629D9F67252CC5B100945A9F /* Networking+AddUser.swift in Sources */,
				629D9F45252C930200945A9F /* UserListAPI.swift in Sources */,
				629D9F4E252C9F4700945A9F /* UserTableViewCell.swift in Sources */,
				629D9EDC252C75FB00945A9F /* SceneDelegate.swift in Sources */,
				629D9F6E252CFCA500945A9F /* NewUserModel.swift in Sources */,
				629D9F62252CC23D00945A9F /* InputFormViewModel.swift in Sources */,
				629D9EFC252C77BC00945A9F /* Functions.swift in Sources */,
				624F0789252E527900805469 /* InputView.swift in Sources */,
				629D9F55252CBB3900945A9F /* AppTextConstants.swift in Sources */,
				624F078B252E52E600805469 /* NameInputView.swift in Sources */,
				629D9F37252C8E9C00945A9F /* NibDesignable.swift in Sources */,
				629D9F65252CC43900945A9F /* AppTextConstant+UserForm.swift in Sources */,
				629D9F6C252CC88700945A9F /* EncoderError.swift in Sources */,
				624F0780252E208700805469 /* FieldView.swift in Sources */,
				629D9F1B252C7B4100945A9F /* UserListView.swift in Sources */,
				629D9F47252C93B100945A9F /* Networking+AllUsers.swift in Sources */,
				629D9F33252C8E8F00945A9F /* DisposeBagOwner.swift in Sources */,
				629D9EF8252C778B00945A9F /* BaseCoordinator.swift in Sources */,
				629D9F1A252C7B4100945A9F /* UserListViewController.swift in Sources */,
				629D9F05252C780300945A9F /* BaseViewController.swift in Sources */,
				629D9F57252CBBC300945A9F /* AppTextConstant+UserList.swift in Sources */,
				624F0778252E1D6700805469 /* CharacterSet+Extensions.swift in Sources */,
				629D9F34252C8E8F00945A9F /* NetworkAPI.swift in Sources */,
				629D9F40252C8FA200945A9F /* UITableView+Extensions.swift in Sources */,
				629D9F04252C780300945A9F /* BaseViewModel.swift in Sources */,
				629D9F61252CC23D00945A9F /* ImportFormView.swift in Sources */,
				629D9F6A252CC62400945A9F /* EmptyModel.swift in Sources */,
				624F0775252E1D0200805469 /* Validator.swift in Sources */,
				629D9F51252CB1E800945A9F /* UIView+Extenstions.swift in Sources */,
				6248820F252F526F00677FC3 /* Networking+EditUser.swift in Sources */,
				629D9F0A252C78AE00945A9F /* UINavigationController+Extensions.swift in Sources */,
				629D9F5A252CBE0A00945A9F /* Array+Extensions.swift in Sources */,
				629D9F31252C8E8F00945A9F /* Hiddable.swift in Sources */,
				622F679C252E74A600EA7C2A /* CustomButton.swift in Sources */,
				629D9F4A252C957F00945A9F /* UserModel.swift in Sources */,
				629D9F06252C780300945A9F /* BaseView.swift in Sources */,
				6266C36E252DA00800D95BE3 /* KeyboardNotificationService.swift in Sources */,
			);
			runOnlyForDeploymentPostprocessing = 0;
		};
/* End PBXSourcesBuildPhase section */

/* Begin PBXVariantGroup section */
		629D9EE4252C75FE00945A9F /* LaunchScreen.storyboard */ = {
			isa = PBXVariantGroup;
			children = (
				629D9EE5252C75FE00945A9F /* Base */,
			);
			name = LaunchScreen.storyboard;
			sourceTree = "<group>";
		};
/* End PBXVariantGroup section */

/* Begin XCBuildConfiguration section */
		629D9EE8252C75FE00945A9F /* Debug */ = {
			isa = XCBuildConfiguration;
			buildSettings = {
				ALWAYS_SEARCH_USER_PATHS = NO;
				CLANG_ANALYZER_NONNULL = YES;
				CLANG_ANALYZER_NUMBER_OBJECT_CONVERSION = YES_AGGRESSIVE;
				CLANG_CXX_LANGUAGE_STANDARD = "gnu++14";
				CLANG_CXX_LIBRARY = "libc++";
				CLANG_ENABLE_MODULES = YES;
				CLANG_ENABLE_OBJC_ARC = YES;
				CLANG_ENABLE_OBJC_WEAK = YES;
				CLANG_WARN_BLOCK_CAPTURE_AUTORELEASING = YES;
				CLANG_WARN_BOOL_CONVERSION = YES;
				CLANG_WARN_COMMA = YES;
				CLANG_WARN_CONSTANT_CONVERSION = YES;
				CLANG_WARN_DEPRECATED_OBJC_IMPLEMENTATIONS = YES;
				CLANG_WARN_DIRECT_OBJC_ISA_USAGE = YES_ERROR;
				CLANG_WARN_DOCUMENTATION_COMMENTS = YES;
				CLANG_WARN_EMPTY_BODY = YES;
				CLANG_WARN_ENUM_CONVERSION = YES;
				CLANG_WARN_INFINITE_RECURSION = YES;
				CLANG_WARN_INT_CONVERSION = YES;
				CLANG_WARN_NON_LITERAL_NULL_CONVERSION = YES;
				CLANG_WARN_OBJC_IMPLICIT_RETAIN_SELF = YES;
				CLANG_WARN_OBJC_LITERAL_CONVERSION = YES;
				CLANG_WARN_OBJC_ROOT_CLASS = YES_ERROR;
				CLANG_WARN_RANGE_LOOP_ANALYSIS = YES;
				CLANG_WARN_STRICT_PROTOTYPES = YES;
				CLANG_WARN_SUSPICIOUS_MOVE = YES;
				CLANG_WARN_UNGUARDED_AVAILABILITY = YES_AGGRESSIVE;
				CLANG_WARN_UNREACHABLE_CODE = YES;
				CLANG_WARN__DUPLICATE_METHOD_MATCH = YES;
				COPY_PHASE_STRIP = NO;
				DEBUG_INFORMATION_FORMAT = dwarf;
				ENABLE_STRICT_OBJC_MSGSEND = YES;
				ENABLE_TESTABILITY = YES;
				GCC_C_LANGUAGE_STANDARD = gnu11;
				GCC_DYNAMIC_NO_PIC = NO;
				GCC_NO_COMMON_BLOCKS = YES;
				GCC_OPTIMIZATION_LEVEL = 0;
				GCC_PREPROCESSOR_DEFINITIONS = (
					"DEBUG=1",
					"$(inherited)",
				);
				GCC_WARN_64_TO_32_BIT_CONVERSION = YES;
				GCC_WARN_ABOUT_RETURN_TYPE = YES_ERROR;
				GCC_WARN_UNDECLARED_SELECTOR = YES;
				GCC_WARN_UNINITIALIZED_AUTOS = YES_AGGRESSIVE;
				GCC_WARN_UNUSED_FUNCTION = YES;
				GCC_WARN_UNUSED_VARIABLE = YES;
				IPHONEOS_DEPLOYMENT_TARGET = 13.4;
				MTL_ENABLE_DEBUG_INFO = INCLUDE_SOURCE;
				MTL_FAST_MATH = YES;
				ONLY_ACTIVE_ARCH = YES;
				SDKROOT = iphoneos;
				SWIFT_ACTIVE_COMPILATION_CONDITIONS = DEBUG;
				SWIFT_OPTIMIZATION_LEVEL = "-Onone";
			};
			name = Debug;
		};
		629D9EE9252C75FE00945A9F /* Release */ = {
			isa = XCBuildConfiguration;
			buildSettings = {
				ALWAYS_SEARCH_USER_PATHS = NO;
				CLANG_ANALYZER_NONNULL = YES;
				CLANG_ANALYZER_NUMBER_OBJECT_CONVERSION = YES_AGGRESSIVE;
				CLANG_CXX_LANGUAGE_STANDARD = "gnu++14";
				CLANG_CXX_LIBRARY = "libc++";
				CLANG_ENABLE_MODULES = YES;
				CLANG_ENABLE_OBJC_ARC = YES;
				CLANG_ENABLE_OBJC_WEAK = YES;
				CLANG_WARN_BLOCK_CAPTURE_AUTORELEASING = YES;
				CLANG_WARN_BOOL_CONVERSION = YES;
				CLANG_WARN_COMMA = YES;
				CLANG_WARN_CONSTANT_CONVERSION = YES;
				CLANG_WARN_DEPRECATED_OBJC_IMPLEMENTATIONS = YES;
				CLANG_WARN_DIRECT_OBJC_ISA_USAGE = YES_ERROR;
				CLANG_WARN_DOCUMENTATION_COMMENTS = YES;
				CLANG_WARN_EMPTY_BODY = YES;
				CLANG_WARN_ENUM_CONVERSION = YES;
				CLANG_WARN_INFINITE_RECURSION = YES;
				CLANG_WARN_INT_CONVERSION = YES;
				CLANG_WARN_NON_LITERAL_NULL_CONVERSION = YES;
				CLANG_WARN_OBJC_IMPLICIT_RETAIN_SELF = YES;
				CLANG_WARN_OBJC_LITERAL_CONVERSION = YES;
				CLANG_WARN_OBJC_ROOT_CLASS = YES_ERROR;
				CLANG_WARN_RANGE_LOOP_ANALYSIS = YES;
				CLANG_WARN_STRICT_PROTOTYPES = YES;
				CLANG_WARN_SUSPICIOUS_MOVE = YES;
				CLANG_WARN_UNGUARDED_AVAILABILITY = YES_AGGRESSIVE;
				CLANG_WARN_UNREACHABLE_CODE = YES;
				CLANG_WARN__DUPLICATE_METHOD_MATCH = YES;
				COPY_PHASE_STRIP = NO;
				DEBUG_INFORMATION_FORMAT = "dwarf-with-dsym";
				ENABLE_NS_ASSERTIONS = NO;
				ENABLE_STRICT_OBJC_MSGSEND = YES;
				GCC_C_LANGUAGE_STANDARD = gnu11;
				GCC_NO_COMMON_BLOCKS = YES;
				GCC_WARN_64_TO_32_BIT_CONVERSION = YES;
				GCC_WARN_ABOUT_RETURN_TYPE = YES_ERROR;
				GCC_WARN_UNDECLARED_SELECTOR = YES;
				GCC_WARN_UNINITIALIZED_AUTOS = YES_AGGRESSIVE;
				GCC_WARN_UNUSED_FUNCTION = YES;
				GCC_WARN_UNUSED_VARIABLE = YES;
				IPHONEOS_DEPLOYMENT_TARGET = 13.4;
				MTL_ENABLE_DEBUG_INFO = NO;
				MTL_FAST_MATH = YES;
				SDKROOT = iphoneos;
				SWIFT_COMPILATION_MODE = wholemodule;
				SWIFT_OPTIMIZATION_LEVEL = "-O";
				VALIDATE_PRODUCT = YES;
			};
			name = Release;
		};
		629D9EEB252C75FE00945A9F /* Debug */ = {
			isa = XCBuildConfiguration;
			baseConfigurationReference = 5B9412A8C41D970F3D6181F9 /* Pods-UserListDemo.debug.xcconfig */;
			buildSettings = {
				ASSETCATALOG_COMPILER_APPICON_NAME = AppIcon;
				CODE_SIGN_STYLE = Automatic;
				DEVELOPMENT_TEAM = K9T332L739;
				INFOPLIST_FILE = UserListDemo/Info.plist;
				IPHONEOS_DEPLOYMENT_TARGET = 13.0;
				LD_RUNPATH_SEARCH_PATHS = (
					"$(inherited)",
					"@executable_path/Frameworks",
				);
				PRODUCT_BUNDLE_IDENTIFIER = com.tyl.UserListDemo;
				PRODUCT_NAME = "$(TARGET_NAME)";
				SWIFT_VERSION = 5.0;
				TARGETED_DEVICE_FAMILY = "1,2";
			};
			name = Debug;
		};
		629D9EEC252C75FE00945A9F /* Release */ = {
			isa = XCBuildConfiguration;
			baseConfigurationReference = A0F87BA537FC950DEF0E1346 /* Pods-UserListDemo.release.xcconfig */;
			buildSettings = {
				ASSETCATALOG_COMPILER_APPICON_NAME = AppIcon;
				CODE_SIGN_STYLE = Automatic;
				DEVELOPMENT_TEAM = K9T332L739;
				INFOPLIST_FILE = UserListDemo/Info.plist;
				IPHONEOS_DEPLOYMENT_TARGET = 13.0;
				LD_RUNPATH_SEARCH_PATHS = (
					"$(inherited)",
					"@executable_path/Frameworks",
				);
				PRODUCT_BUNDLE_IDENTIFIER = com.tyl.UserListDemo;
				PRODUCT_NAME = "$(TARGET_NAME)";
				SWIFT_VERSION = 5.0;
				TARGETED_DEVICE_FAMILY = "1,2";
			};
			name = Release;
		};
/* End XCBuildConfiguration section */

/* Begin XCConfigurationList section */
		629D9ED1252C75FB00945A9F /* Build configuration list for PBXProject "UserListDemo" */ = {
			isa = XCConfigurationList;
			buildConfigurations = (
				629D9EE8252C75FE00945A9F /* Debug */,
				629D9EE9252C75FE00945A9F /* Release */,
			);
			defaultConfigurationIsVisible = 0;
			defaultConfigurationName = Release;
		};
		629D9EEA252C75FE00945A9F /* Build configuration list for PBXNativeTarget "UserListDemo" */ = {
			isa = XCConfigurationList;
			buildConfigurations = (
				629D9EEB252C75FE00945A9F /* Debug */,
				629D9EEC252C75FE00945A9F /* Release */,
			);
			defaultConfigurationIsVisible = 0;
			defaultConfigurationName = Release;
		};
/* End XCConfigurationList section */
	};
	rootObject = 629D9ECE252C75FB00945A9F /* Project object */;
}
